
Microsoft Visual Studio Solution File, Format Version 12.00
# Visual Studio Version 16
VisualStudioVersion = 16.0.31205.134
MinimumVisualStudioVersion = 10.0.40219.1
Project("{9A19103F-16F7-4668-BE54-9A1E7A4F7556}") = "Hackerrank Problemas", "Hackerrank Problemas\Hackerrank Problemas.csproj", "{5F8AD9EC-9F68-419D-903E-78B50E80EF9C}"
EndProject
Project("{9A19103F-16F7-4668-BE54-9A1E7A4F7556}") = "Stdin And Stdout 1", "Stdin And Stdout 1\Stdin And Stdout 1.csproj", "{4905F079-1E6C-41B7-8662-0355E268FEB1}"
EndProject
Project("{9A19103F-16F7-4668-BE54-9A1E7A4F7556}") = "Stdin And Stdout 2", "Stdin And Stdout 2\Stdin And Stdout 2.csproj", "{A0D3DF21-186B-427C-9EC9-B7F9774CDADB}"
EndProject
Project("{FAE04EC0-301F-11D3-BF4B-00C04F79EFBC}") = "If Else", "If Else\If Else.csproj", "{55C0D82C-CDC4-42F6-93A4-789ABD964420}"
EndProject
Global
	GlobalSection(SolutionConfigurationPlatforms) = preSolution
		Debug|Any CPU = Debug|Any CPU
		Release|Any CPU = Release|Any CPU
	EndGlobalSection
	GlobalSection(ProjectConfigurationPlatforms) = postSolution
		{5F8AD9EC-9F68-419D-903E-78B50E80EF9C}.Debug|Any CPU.ActiveCfg = Debug|Any CPU
		{5F8AD9EC-9F68-419D-903E-78B50E80EF9C}.Debug|Any CPU.Build.0 = Debug|Any CPU
		{5F8AD9EC-9F68-419D-903E-78B50E80EF9C}.Release|Any CPU.ActiveCfg = Release|Any CPU
		{5F8AD9EC-9F68-419D-903E-78B50E80EF9C}.Release|Any CPU.Build.0 = Release|Any CPU
		{4905F079-1E6C-41B7-8662-0355E268FEB1}.Debug|Any CPU.ActiveCfg = Debug|Any CPU
		{4905F079-1E6C-41B7-8662-0355E268FEB1}.Debug|Any CPU.Build.0 = Debug|Any CPU
		{4905F079-1E6C-41B7-8662-0355E268FEB1}.Release|Any CPU.ActiveCfg = Release|Any CPU
		{4905F079-1E6C-41B7-8662-0355E268FEB1}.Release|Any CPU.Build.0 = Release|Any CPU
		{A0D3DF21-186B-427C-9EC9-B7F9774CDADB}.Debug|Any CPU.ActiveCfg = Debug|Any CPU
		{A0D3DF21-186B-427C-9EC9-B7F9774CDADB}.Debug|Any CPU.Build.0 = Debug|Any CPU
		{A0D3DF21-186B-427C-9EC9-B7F9774CDADB}.Release|Any CPU.ActiveCfg = Release|Any CPU
		{A0D3DF21-186B-427C-9EC9-B7F9774CDADB}.Release|Any CPU.Build.0 = Release|Any CPU
		{55C0D82C-CDC4-42F6-93A4-789ABD964420}.Debug|Any CPU.ActiveCfg = Debug|Any CPU
		{55C0D82C-CDC4-42F6-93A4-789ABD964420}.Debug|Any CPU.Build.0 = Debug|Any CPU
		{55C0D82C-CDC4-42F6-93A4-789ABD964420}.Release|Any CPU.ActiveCfg = Release|Any CPU
		{55C0D82C-CDC4-42F6-93A4-789ABD964420}.Release|Any CPU.Build.0 = Release|Any CPU
	EndGlobalSection
	GlobalSection(SolutionProperties) = preSolution
		HideSolutionNode = FALSE
	EndGlobalSection
	GlobalSection(ExtensibilityGlobals) = postSolution
		SolutionGuid = {F05D25CE-74C5-4847-A9EA-68CF617A6262}
	EndGlobalSection
EndGlobal
